Microsoft Visual Studio Solution File, Format Version 12.00
# Visual Studio Version 17
VisualStudioVersion = 17.5.2.0
MinimumVisualStudioVersion = 10.0.40219.1
Project("{FAE04EC0-301F-11D3-BF4B-00C04F79EFBC}") = "AboveMe", "AboveMe.csproj", "{B3C5A807-D2E6-8E4F-3757-FB46705D27B9}"
EndProject
Global
	GlobalSection(SolutionConfigurationPlatforms) = preSolution
		Debug|Any CPU = Debug|Any CPU
		Release|Any CPU = Release|Any CPU
	EndGlobalSection
	GlobalSection(ProjectConfigurationPlatforms) = postSolution
		{B3C5A807-D2E6-8E4F-3757-FB46705D27B9}.Debug|Any CPU.ActiveCfg = Debug|Any CPU
		{B3C5A807-D2E6-8E4F-3757-FB46705D27B9}.Debug|Any CPU.Build.0 = Debug|Any CPU
		{B3C5A807-D2E6-8E4F-3757-FB46705D27B9}.Release|Any CPU.ActiveCfg = Release|Any CPU
		{B3C5A807-D2E6-8E4F-3757-FB46705D27B9}.Release|Any CPU.Build.0 = Release|Any CPU
	EndGlobalSection
	GlobalSection(SolutionProperties) = preSolution
		HideSolutionNode = FALSE
	EndGlobalSection
	GlobalSection(ExtensibilityGlobals) = postSolution
		SolutionGuid = {12787994-CEF9-4CE1-933F-E73A9FE18DD5}
	EndGlobalSection
EndGlobal
